
Microsoft Visual Studio Solution File, Format Version 11.00
# Visual Studio 2010
Project("{FAE04EC0-301F-11D3-BF4B-00C04F79EFBC}") = "Agribusiness.Web", "Agribusiness.Web\Agribusiness.Web.csproj", "{33BA1238-6E6E-47CB-B0F3-910ACAE25B4E}"
EndProject
Project("{FAE04EC0-301F-11D3-BF4B-00C04F79EFBC}") = "Agribusiness.Tests", "Agribusiness.Tests\Agribusiness.Tests.csproj", "{D01CEA98-CF40-4880-8685-E488B461FFE1}"
EndProject
Project("{2150E333-8FDC-42A3-9474-1A3956D46DE8}") = "Bin", "Bin", "{16225D2D-13C1-46B6-816F-0F8AB3B019D7}"
	ProjectSection(SolutionItems) = preProject
		Bin\Antlr3.Runtime.dll = Bin\Antlr3.Runtime.dll
		Bin\AutoMapper.dll = Bin\AutoMapper.dll
		Bin\Castle.Core.dll = Bin\Castle.Core.dll
		Bin\Castle.Windsor.dll = Bin\Castle.Windsor.dll
		Bin\Common.Logging.dll = Bin\Common.Logging.dll
		Bin\Elmah.dll = Bin\Elmah.dll
		Bin\FluentNHibernate.dll = Bin\FluentNHibernate.dll
		Bin\HibernatingRhinos.Profiler.Appender.dll = Bin\HibernatingRhinos.Profiler.Appender.dll
		Bin\Iesi.Collections.dll = Bin\Iesi.Collections.dll
		Bin\log4net.dll = Bin\log4net.dll
		Bin\Microsoft.Practices.ServiceLocation.dll = Bin\Microsoft.Practices.ServiceLocation.dll
		Bin\Microsoft.ReportViewer.Common.dll = Bin\Microsoft.ReportViewer.Common.dll
		Bin\Microsoft.ReportViewer.WebForms.dll = Bin\Microsoft.ReportViewer.WebForms.dll
		Bin\Microsoft.ReportViewer.WebForms.xml = Bin\Microsoft.ReportViewer.WebForms.xml
		Bin\Microsoft.Web.Mvc.dll = Bin\Microsoft.Web.Mvc.dll
		Bin\MvcContrib.dll = Bin\MvcContrib.dll
		Bin\MvcContrib.FluentHtml.dll = Bin\MvcContrib.FluentHtml.dll
		Bin\MvcContrib.TestHelper.dll = Bin\MvcContrib.TestHelper.dll
		Bin\Newtonsoft.Json.dll = Bin\Newtonsoft.Json.dll
		Bin\NHibernate.ByteCode.Spring.dll = Bin\NHibernate.ByteCode.Spring.dll
		Bin\NHibernate.dll = Bin\NHibernate.dll
		Bin\NHibernate.Validator.dll = Bin\NHibernate.Validator.dll
		Bin\NPOI.DDF.dll = Bin\NPOI.DDF.dll
		Bin\NPOI.DDF.xml = Bin\NPOI.DDF.xml
		Bin\NPOI.dll = Bin\NPOI.dll
		Bin\NPOI.HPSF.dll = Bin\NPOI.HPSF.dll
		Bin\NPOI.HPSF.xml = Bin\NPOI.HPSF.xml
		Bin\NPOI.HSSF.dll = Bin\NPOI.HSSF.dll
		Bin\NPOI.HSSF.XML = Bin\NPOI.HSSF.XML
		Bin\NPOI.POIFS.dll = Bin\NPOI.POIFS.dll
		Bin\NPOI.POIFS.xml = Bin\NPOI.POIFS.xml
		Bin\NPOI.Util.dll = Bin\NPOI.Util.dll
		Bin\NPOI.Util.xml = Bin\NPOI.Util.xml
		Bin\NPOI.xml = Bin\NPOI.xml
		Bin\Recaptcha.dll = Bin\Recaptcha.dll
		Bin\Recaptcha.pdb = Bin\Recaptcha.pdb
		Bin\Remotion.Data.Linq.dll = Bin\Remotion.Data.Linq.dll
		Bin\Rhino.Mocks.dll = Bin\Rhino.Mocks.dll
		Bin\Spring.Aop.dll = Bin\Spring.Aop.dll
		Bin\Spring.Core.dll = Bin\Spring.Core.dll
		Bin\System.Data.SQLite.DLL = Bin\System.Data.SQLite.DLL
		Bin\Telerik.Web.Mvc.dll = Bin\Telerik.Web.Mvc.dll
		Bin\Thought.vCards.dll = Bin\Thought.vCards.dll
		Bin\Thought.vCards.pdb = Bin\Thought.vCards.pdb
		Bin\UCDArch.dll = Bin\UCDArch.dll
		Bin\xVal.dll = Bin\xVal.dll
	EndProjectSection
EndProject
Project("{FAE04EC0-301F-11D3-BF4B-00C04F79EFBC}") = "Agribusiness.Core", "Agribusiness.Core\Agribusiness.Core.csproj", "{59FC9042-FBF0-4F82-803D-78E291FDD7F2}"
EndProject
Project("{FAE04EC0-301F-11D3-BF4B-00C04F79EFBC}") = "Agribusiness.WS", "Agribusiness.WS\Agribusiness.WS.csproj", "{9A333D4D-EC23-45AC-8B92-E64987A5EAB5}"
EndProject
Project("{C8D11400-126E-41CD-887F-60BD40844F9E}") = "Agribusiness.DB", "Agribusiness.DB\Agribusiness.DB.dbproj", "{67CBC824-A49E-4E9B-A947-360F3DFE65C3}"
EndProject
Project("{FAE04EC0-301F-11D3-BF4B-00C04F79EFBC}") = "Agribusiness.Import", "Agribusiness.Import\Agribusiness.Import.csproj", "{93424014-7422-4B70-ABE1-5DA4E3F9DAB7}"
EndProject
Global
	GlobalSection(SolutionConfigurationPlatforms) = preSolution
		Debug|Any CPU = Debug|Any CPU
		Release|Any CPU = Release|Any CPU
		Test|Any CPU = Test|Any CPU
	EndGlobalSection
	GlobalSection(ProjectConfigurationPlatforms) = postSolution
		{33BA1238-6E6E-47CB-B0F3-910ACAE25B4E}.Debug|Any CPU.ActiveCfg = Debug|Any CPU
		{33BA1238-6E6E-47CB-B0F3-910ACAE25B4E}.Debug|Any CPU.Build.0 = Debug|Any CPU
		{33BA1238-6E6E-47CB-B0F3-910ACAE25B4E}.Release|Any CPU.ActiveCfg = Release|Any CPU
		{33BA1238-6E6E-47CB-B0F3-910ACAE25B4E}.Release|Any CPU.Build.0 = Release|Any CPU
		{33BA1238-6E6E-47CB-B0F3-910ACAE25B4E}.Test|Any CPU.ActiveCfg = Test|Any CPU
		{33BA1238-6E6E-47CB-B0F3-910ACAE25B4E}.Test|Any CPU.Build.0 = Test|Any CPU
		{D01CEA98-CF40-4880-8685-E488B461FFE1}.Debug|Any CPU.ActiveCfg = Debug|Any CPU
		{D01CEA98-CF40-4880-8685-E488B461FFE1}.Release|Any CPU.ActiveCfg = Release|Any CPU
		{D01CEA98-CF40-4880-8685-E488B461FFE1}.Release|Any CPU.Build.0 = Release|Any CPU
		{D01CEA98-CF40-4880-8685-E488B461FFE1}.Test|Any CPU.ActiveCfg = Test|Any CPU
		{59FC9042-FBF0-4F82-803D-78E291FDD7F2}.Debug|Any CPU.ActiveCfg = Debug|Any CPU
		{59FC9042-FBF0-4F82-803D-78E291FDD7F2}.Debug|Any CPU.Build.0 = Debug|Any CPU
		{59FC9042-FBF0-4F82-803D-78E291FDD7F2}.Release|Any CPU.ActiveCfg = Release|Any CPU
		{59FC9042-FBF0-4F82-803D-78E291FDD7F2}.Release|Any CPU.Build.0 = Release|Any CPU
		{59FC9042-FBF0-4F82-803D-78E291FDD7F2}.Test|Any CPU.ActiveCfg = Test|Any CPU
		{59FC9042-FBF0-4F82-803D-78E291FDD7F2}.Test|Any CPU.Build.0 = Test|Any CPU
		{9A333D4D-EC23-45AC-8B92-E64987A5EAB5}.Debug|Any CPU.ActiveCfg = Debug|Any CPU
		{9A333D4D-EC23-45AC-8B92-E64987A5EAB5}.Debug|Any CPU.Build.0 = Debug|Any CPU
		{9A333D4D-EC23-45AC-8B92-E64987A5EAB5}.Release|Any CPU.ActiveCfg = Release|Any CPU
		{9A333D4D-EC23-45AC-8B92-E64987A5EAB5}.Release|Any CPU.Build.0 = Release|Any CPU
		{9A333D4D-EC23-45AC-8B92-E64987A5EAB5}.Test|Any CPU.ActiveCfg = Test|Any CPU
		{9A333D4D-EC23-45AC-8B92-E64987A5EAB5}.Test|Any CPU.Build.0 = Test|Any CPU
		{67CBC824-A49E-4E9B-A947-360F3DFE65C3}.Debug|Any CPU.ActiveCfg = Debug|Any CPU
		{67CBC824-A49E-4E9B-A947-360F3DFE65C3}.Debug|Any CPU.Build.0 = Debug|Any CPU
		{67CBC824-A49E-4E9B-A947-360F3DFE65C3}.Release|Any CPU.ActiveCfg = Release|Any CPU
		{67CBC824-A49E-4E9B-A947-360F3DFE65C3}.Release|Any CPU.Build.0 = Release|Any CPU
		{67CBC824-A49E-4E9B-A947-360F3DFE65C3}.Release|Any CPU.Deploy.0 = Release|Any CPU
		{67CBC824-A49E-4E9B-A947-360F3DFE65C3}.Test|Any CPU.ActiveCfg = Test|Any CPU
		{93424014-7422-4B70-ABE1-5DA4E3F9DAB7}.Debug|Any CPU.ActiveCfg = Debug|Any CPU
		{93424014-7422-4B70-ABE1-5DA4E3F9DAB7}.Debug|Any CPU.Build.0 = Debug|Any CPU
		{93424014-7422-4B70-ABE1-5DA4E3F9DAB7}.Release|Any CPU.ActiveCfg = Release|Any CPU
		{93424014-7422-4B70-ABE1-5DA4E3F9DAB7}.Release|Any CPU.Build.0 = Release|Any CPU
		{93424014-7422-4B70-ABE1-5DA4E3F9DAB7}.Test|Any CPU.ActiveCfg = Test|Any CPU
	EndGlobalSection
	GlobalSection(SolutionProperties) = preSolution
		HideSolutionNode = FALSE
	EndGlobalSection
EndGlobal
